{
  "name": "game",
  "version": "1.0.0",
  "lockfileVersion": 3,
  "requires": true,
  "packages": {
    "": {
      "name": "game",
      "version": "1.0.0",
      "license": "ISC",
      "dependencies": {
        "canvas-confetti": "^1.9.2",
        "confetti-js": "^0.0.18"
      }
    },
    "node_modules/canvas-confetti": {
      "version": "1.9.2",
      "resolved": "https://registry.npmjs.org/canvas-confetti/-/canvas-confetti-1.9.2.tgz",
      "integrity": "sha512-6Xi7aHHzKwxZsem4mCKoqP6YwUG3HamaHHAlz1hTNQPCqXhARFpSXnkC9TWlahHY5CG6hSL5XexNjxK8irVErg==",
      "funding": {
        "type": "donate",
        "url": "https://www.paypal.me/kirilvatev"
      }
    },
    "node_modules/confetti-js": {
      "version": "0.0.18",
      "resolved": "https://registry.npmjs.org/confetti-js/-/confetti-js-0.0.18.tgz",
      "integrity": "sha512-0B7pYmZGBZuBkN32ydjWRpJLfRUT9KZYkQKkC4SGrAsUq0XE2DLY5foCWBXMXXVg7sFKs3qIb+qsDx1eFTeSvA=="
    }
  }
}
